
Microsoft Visual Studio Solution File, Format Version 12.00
# Visual Studio Version 17
VisualStudioVersion = 17.2.32516.85
MinimumVisualStudioVersion = 10.0.40219.1
Project("{FAE04EC0-301F-11D3-BF4B-00C04F79EFBC}") = "LambdaCalculus", "LambdaCalculus\LambdaCalculus.csproj", "{8960EA19-80EB-48AF-BC3A-EB2E251F040D}"
EndProject
Project("{FAE04EC0-301F-11D3-BF4B-00C04F79EFBC}") = "LambdaCalculus.Tests", "LambdaCalculus.Tests\LambdaCalculus.Tests.csproj", "{D350BFE5-A2BB-4D66-9E1D-57D7A886C39B}"
EndProject
Global
	GlobalSection(SolutionConfigurationPlatforms) = preSolution
		Debug|Any CPU = Debug|Any CPU
		Release|Any CPU = Release|Any CPU
	EndGlobalSection
	GlobalSection(ProjectConfigurationPlatforms) = postSolution
		{8960EA19-80EB-48AF-BC3A-EB2E251F040D}.Debug|Any CPU.ActiveCfg = Debug|Any CPU
		{8960EA19-80EB-48AF-BC3A-EB2E251F040D}.Debug|Any CPU.Build.0 = Debug|Any CPU
		{8960EA19-80EB-48AF-BC3A-EB2E251F040D}.Release|Any CPU.ActiveCfg = Release|Any CPU
		{8960EA19-80EB-48AF-BC3A-EB2E251F040D}.Release|Any CPU.Build.0 = Release|Any CPU
		{D350BFE5-A2BB-4D66-9E1D-57D7A886C39B}.Debug|Any CPU.ActiveCfg = Debug|Any CPU
		{D350BFE5-A2BB-4D66-9E1D-57D7A886C39B}.Debug|Any CPU.Build.0 = Debug|Any CPU
		{D350BFE5-A2BB-4D66-9E1D-57D7A886C39B}.Release|Any CPU.ActiveCfg = Release|Any CPU
		{D350BFE5-A2BB-4D66-9E1D-57D7A886C39B}.Release|Any CPU.Build.0 = Release|Any CPU
	EndGlobalSection
	GlobalSection(SolutionProperties) = preSolution
		HideSolutionNode = FALSE
	EndGlobalSection
	GlobalSection(ExtensibilityGlobals) = postSolution
		SolutionGuid = {57A6AEAF-DCC4-43EF-9C46-61608B23B01F}
	EndGlobalSection
EndGlobal
